
Microsoft Visual Studio Solution File, Format Version 12.00
# Visual Studio Version 17
VisualStudioVersion = 17.3.32804.467
MinimumVisualStudioVersion = 10.0.40219.1
Project("{FAE04EC0-301F-11D3-BF4B-00C04F79EFBC}") = "Inventory", "Inventory\Inventory.csproj", "{52ED3BC1-4CD0-4DF6-A831-9DE36D9F2390}"
EndProject
Project("{FAE04EC0-301F-11D3-BF4B-00C04F79EFBC}") = "Repository_Domain", "Repository_Domain\Repository_Domain.csproj", "{2290B8D7-50DD-4E99-9B73-70040A4FDFBC}"
EndProject
Project("{FAE04EC0-301F-11D3-BF4B-00C04F79EFBC}") = "Repository_Source", "Repository_Source\Repository_Source.csproj", "{9C1A4C4E-06EB-4FC3-894E-27E8FFE2EEB1}"
EndProject
Project("{FAE04EC0-301F-11D3-BF4B-00C04F79EFBC}") = "Repository_Pattern", "Repository_Pattern\Repository_Pattern.csproj", "{2A42957B-4B2D-4488-974A-5D67EFBC977A}"
EndProject
Global
	GlobalSection(SolutionConfigurationPlatforms) = preSolution
		Debug|Any CPU = Debug|Any CPU
		Release|Any CPU = Release|Any CPU
	EndGlobalSection
	GlobalSection(ProjectConfigurationPlatforms) = postSolution
		{52ED3BC1-4CD0-4DF6-A831-9DE36D9F2390}.Debug|Any CPU.ActiveCfg = Debug|Any CPU
		{52ED3BC1-4CD0-4DF6-A831-9DE36D9F2390}.Debug|Any CPU.Build.0 = Debug|Any CPU
		{52ED3BC1-4CD0-4DF6-A831-9DE36D9F2390}.Release|Any CPU.ActiveCfg = Release|Any CPU
		{52ED3BC1-4CD0-4DF6-A831-9DE36D9F2390}.Release|Any CPU.Build.0 = Release|Any CPU
		{2290B8D7-50DD-4E99-9B73-70040A4FDFBC}.Debug|Any CPU.ActiveCfg = Debug|Any CPU
		{2290B8D7-50DD-4E99-9B73-70040A4FDFBC}.Debug|Any CPU.Build.0 = Debug|Any CPU
		{2290B8D7-50DD-4E99-9B73-70040A4FDFBC}.Release|Any CPU.ActiveCfg = Release|Any CPU
		{2290B8D7-50DD-4E99-9B73-70040A4FDFBC}.Release|Any CPU.Build.0 = Release|Any CPU
		{9C1A4C4E-06EB-4FC3-894E-27E8FFE2EEB1}.Debug|Any CPU.ActiveCfg = Debug|Any CPU
		{9C1A4C4E-06EB-4FC3-894E-27E8FFE2EEB1}.Debug|Any CPU.Build.0 = Debug|Any CPU
		{9C1A4C4E-06EB-4FC3-894E-27E8FFE2EEB1}.Release|Any CPU.ActiveCfg = Release|Any CPU
		{9C1A4C4E-06EB-4FC3-894E-27E8FFE2EEB1}.Release|Any CPU.Build.0 = Release|Any CPU
		{2A42957B-4B2D-4488-974A-5D67EFBC977A}.Debug|Any CPU.ActiveCfg = Debug|Any CPU
		{2A42957B-4B2D-4488-974A-5D67EFBC977A}.Debug|Any CPU.Build.0 = Debug|Any CPU
		{2A42957B-4B2D-4488-974A-5D67EFBC977A}.Release|Any CPU.ActiveCfg = Release|Any CPU
		{2A42957B-4B2D-4488-974A-5D67EFBC977A}.Release|Any CPU.Build.0 = Release|Any CPU
	EndGlobalSection
	GlobalSection(SolutionProperties) = preSolution
		HideSolutionNode = FALSE
	EndGlobalSection
	GlobalSection(ExtensibilityGlobals) = postSolution
		SolutionGuid = {63491FED-6DCA-4622-9428-3048E1E96BE0}
	EndGlobalSection
EndGlobal
